
Microsoft Visual Studio Solution File, Format Version 12.00
# Visual Studio Version 16
VisualStudioVersion = 16.0.29230.47
MinimumVisualStudioVersion = 10.0.40219.1
Project("{FAE04EC0-301F-11D3-BF4B-00C04F79EFBC}") = "calculator", "calculator\calculator.csproj", "{D213D89D-8EA7-4CA9-B862-E8AC4335F798}"
EndProject
Global
	GlobalSection(SolutionConfigurationPlatforms) = preSolution
		Debug|Any CPU = Debug|Any CPU
		Release|Any CPU = Release|Any CPU
	EndGlobalSection
	GlobalSection(ProjectConfigurationPlatforms) = postSolution
		{D213D89D-8EA7-4CA9-B862-E8AC4335F798}.Debug|Any CPU.ActiveCfg = Debug|Any CPU
		{D213D89D-8EA7-4CA9-B862-E8AC4335F798}.Debug|Any CPU.Build.0 = Debug|Any CPU
		{D213D89D-8EA7-4CA9-B862-E8AC4335F798}.Release|Any CPU.ActiveCfg = Release|Any CPU
		{D213D89D-8EA7-4CA9-B862-E8AC4335F798}.Release|Any CPU.Build.0 = Release|Any CPU
	EndGlobalSection
	GlobalSection(SolutionProperties) = preSolution
		HideSolutionNode = FALSE
	EndGlobalSection
	GlobalSection(ExtensibilityGlobals) = postSolution
		SolutionGuid = {D2BA0B3D-821B-4366-ACF1-147BFF64D4F7}
	EndGlobalSection
EndGlobal
